
Microsoft Visual Studio Solution File, Format Version 12.00
# Visual Studio Version 17
VisualStudioVersion = 17.3.32819.101
MinimumVisualStudioVersion = 10.0.40219.1
Project("{8BC9CEB8-8B4A-11D0-8D11-00A0C91BC942}") = "mtfind", "mtfind\mtfind.vcxproj", "{FD38FEEA-FD97-4E59-8EB4-38151F9FF302}"
EndProject
Project("{8BC9CEB8-8B4A-11D0-8D11-00A0C91BC942}") = "MtfindTests", "MtfindTests\MtfindTests.vcxproj", "{D182DD5E-E7E8-4BFC-9056-2DF2A38E3F1A}"
EndProject
Global
	GlobalSection(SolutionConfigurationPlatforms) = preSolution
		Debug|x64 = Debug|x64
		Debug|x86 = Debug|x86
		Release|x64 = Release|x64
		Release|x86 = Release|x86
	EndGlobalSection
	GlobalSection(ProjectConfigurationPlatforms) = postSolution
		{FD38FEEA-FD97-4E59-8EB4-38151F9FF302}.Debug|x64.ActiveCfg = Debug|x64
		{FD38FEEA-FD97-4E59-8EB4-38151F9FF302}.Debug|x64.Build.0 = Debug|x64
		{FD38FEEA-FD97-4E59-8EB4-38151F9FF302}.Debug|x86.ActiveCfg = Debug|Win32
		{FD38FEEA-FD97-4E59-8EB4-38151F9FF302}.Debug|x86.Build.0 = Debug|Win32
		{FD38FEEA-FD97-4E59-8EB4-38151F9FF302}.Release|x64.ActiveCfg = Release|x64
		{FD38FEEA-FD97-4E59-8EB4-38151F9FF302}.Release|x64.Build.0 = Release|x64
		{FD38FEEA-FD97-4E59-8EB4-38151F9FF302}.Release|x86.ActiveCfg = Release|Win32
		{FD38FEEA-FD97-4E59-8EB4-38151F9FF302}.Release|x86.Build.0 = Release|Win32
		{D182DD5E-E7E8-4BFC-9056-2DF2A38E3F1A}.Debug|x64.ActiveCfg = Debug|x64
		{D182DD5E-E7E8-4BFC-9056-2DF2A38E3F1A}.Debug|x64.Build.0 = Debug|x64
		{D182DD5E-E7E8-4BFC-9056-2DF2A38E3F1A}.Debug|x86.ActiveCfg = Debug|Win32
		{D182DD5E-E7E8-4BFC-9056-2DF2A38E3F1A}.Debug|x86.Build.0 = Debug|Win32
		{D182DD5E-E7E8-4BFC-9056-2DF2A38E3F1A}.Release|x64.ActiveCfg = Release|x64
		{D182DD5E-E7E8-4BFC-9056-2DF2A38E3F1A}.Release|x64.Build.0 = Release|x64
		{D182DD5E-E7E8-4BFC-9056-2DF2A38E3F1A}.Release|x86.ActiveCfg = Release|Win32
		{D182DD5E-E7E8-4BFC-9056-2DF2A38E3F1A}.Release|x86.Build.0 = Release|Win32
	EndGlobalSection
	GlobalSection(SolutionProperties) = preSolution
		HideSolutionNode = FALSE
	EndGlobalSection
	GlobalSection(ExtensibilityGlobals) = postSolution
		SolutionGuid = {FFB43679-A1AC-4A2F-8060-619EF9040E1F}
	EndGlobalSection
EndGlobal
